// !$*UTF8*$!
{
	archiveVersion = 1;
	classes = {
	};
	objectVersion = 51;
	objects = {

/* Begin PBXBuildFile section */
		333EB265C13B5A9C1844536C /* Pods_RxSwiftExample.framework in Frameworks */ = {isa = PBXBuildFile; fileRef = 2AE5A05E5AFD69D191940ED9 /* Pods_RxSwiftExample.framework */; };
		F6257B712685D6F100E27B0D /* PasswordViewController.swift in Sources */ = {isa = PBXBuildFile; fileRef = F6257B702685D6F100E27B0D /* PasswordViewController.swift */; };
		F676810726783FCD0075D88A /* ExampleViewController.swift in Sources */ = {isa = PBXBuildFile; fileRef = F676810626783FCD0075D88A /* ExampleViewController.swift */; };
		F690FEFB2652289E00CD76B0 /* AppDelegate.swift in Sources */ = {isa = PBXBuildFile; fileRef = F690FEFA2652289E00CD76B0 /* AppDelegate.swift */; };
		F690FF042652289F00CD76B0 /* Assets.xcassets in Resources */ = {isa = PBXBuildFile; fileRef = F690FF032652289F00CD76B0 /* Assets.xcassets */; };
		F690FF072652289F00CD76B0 /* LaunchScreen.storyboard in Resources */ = {isa = PBXBuildFile; fileRef = F690FF052652289F00CD76B0 /* LaunchScreen.storyboard */; };
		F690FF27265252B300CD76B0 /* BaseView.swift in Sources */ = {isa = PBXBuildFile; fileRef = F690FF26265252B300CD76B0 /* BaseView.swift */; };
		F690FF2B2652536900CD76B0 /* BaseTextFieldView.swift in Sources */ = {isa = PBXBuildFile; fileRef = F690FF2A2652536900CD76B0 /* BaseTextFieldView.swift */; };
		F690FF2E2652551B00CD76B0 /* Dimension.swift in Sources */ = {isa = PBXBuildFile; fileRef = F690FF2D2652551B00CD76B0 /* Dimension.swift */; };
		F690FF34265259E100CD76B0 /* UIColor+Extension.swift in Sources */ = {isa = PBXBuildFile; fileRef = F690FF33265259E100CD76B0 /* UIColor+Extension.swift */; };
		F690FF3826525C9300CD76B0 /* UIFont+Extension.swift in Sources */ = {isa = PBXBuildFile; fileRef = F690FF3726525C9300CD76B0 /* UIFont+Extension.swift */; };
		F690FF3B2652617200CD76B0 /* UIView+Extension.swift in Sources */ = {isa = PBXBuildFile; fileRef = F690FF3A2652617200CD76B0 /* UIView+Extension.swift */; };
		F690FF3E265269D100CD76B0 /* TextManager.swift in Sources */ = {isa = PBXBuildFile; fileRef = F690FF3D265269D100CD76B0 /* TextManager.swift */; };
		F690FF4126526A6E00CD76B0 /* BaseViewController.swift in Sources */ = {isa = PBXBuildFile; fileRef = F690FF4026526A6E00CD76B0 /* BaseViewController.swift */; };
		F690FF5A26526D1300CD76B0 /* SignUpViewController.swift in Sources */ = {isa = PBXBuildFile; fileRef = F690FF5926526D1300CD76B0 /* SignUpViewController.swift */; };
		F6CEBF63265B8AFD00641A3B /* BaseScrollView.swift in Sources */ = {isa = PBXBuildFile; fileRef = F6CEBF62265B8AFD00641A3B /* BaseScrollView.swift */; };
		F6CEBF68265B936600641A3B /* HomeHeaderView.swift in Sources */ = {isa = PBXBuildFile; fileRef = F6CEBF67265B936600641A3B /* HomeHeaderView.swift */; };
		F6DEBA5D2666307800B84857 /* ViewController.swift in Sources */ = {isa = PBXBuildFile; fileRef = F6DEBA5C2666307800B84857 /* ViewController.swift */; };
		F6E043DF2683227D00436FE4 /* UITableView+Extension.swift in Sources */ = {isa = PBXBuildFile; fileRef = F6E043DE2683227D00436FE4 /* UITableView+Extension.swift */; };
		F6E043E22683228800436FE4 /* BaseTableViewCell.swift in Sources */ = {isa = PBXBuildFile; fileRef = F6E043E12683228800436FE4 /* BaseTableViewCell.swift */; };
		F6E043E8268322EA00436FE4 /* JSONParsable.swift in Sources */ = {isa = PBXBuildFile; fileRef = F6E043E7268322EA00436FE4 /* JSONParsable.swift */; };
		F6E05EF2265364E3000DC400 /* BaseCornerRoundButton.swift in Sources */ = {isa = PBXBuildFile; fileRef = F6E05EF1265364E3000DC400 /* BaseCornerRoundButton.swift */; };
		F6E05EF526536BB9000DC400 /* HomeViewController.swift in Sources */ = {isa = PBXBuildFile; fileRef = F6E05EF426536BB9000DC400 /* HomeViewController.swift */; };
/* End PBXBuildFile section */

/* Begin PBXFileReference section */
		2AE5A05E5AFD69D191940ED9 /* Pods_RxSwiftExample.framework */ = {isa = PBXFileReference; explicitFileType = wrapper.framework; includeInIndex = 0; path = Pods_RxSwiftExample.framework; sourceTree = BUILT_PRODUCTS_DIR; };
		33E551F6479B7363E1F723CC /* Pods-RxSwiftExample.release.xcconfig */ = {isa = PBXFileReference; includeInIndex = 1; lastKnownFileType = text.xcconfig; name = "Pods-RxSwiftExample.release.xcconfig"; path = "Target Support Files/Pods-RxSwiftExample/Pods-RxSwiftExample.release.xcconfig"; sourceTree = "<group>"; };
		46D70066A2BCF37138BE77EB /* Pods-RxSwiftExample.debug.xcconfig */ = {isa = PBXFileReference; includeInIndex = 1; lastKnownFileType = text.xcconfig; name = "Pods-RxSwiftExample.debug.xcconfig"; path = "Target Support Files/Pods-RxSwiftExample/Pods-RxSwiftExample.debug.xcconfig"; sourceTree = "<group>"; };
		F6257B702685D6F100E27B0D /* PasswordViewController.swift */ = {isa = PBXFileReference; lastKnownFileType = sourcecode.swift; path = PasswordViewController.swift; sourceTree = "<group>"; };
		F676810626783FCD0075D88A /* ExampleViewController.swift */ = {isa = PBXFileReference; lastKnownFileType = sourcecode.swift; path = ExampleViewController.swift; sourceTree = "<group>"; };
		F690FEF72652289E00CD76B0 /* RxSwiftExample.app */ = {isa = PBXFileReference; explicitFileType = wrapper.application; includeInIndex = 0; path = RxSwiftExample.app; sourceTree = BUILT_PRODUCTS_DIR; };
		F690FEFA2652289E00CD76B0 /* AppDelegate.swift */ = {isa = PBXFileReference; lastKnownFileType = sourcecode.swift; path = AppDelegate.swift; sourceTree = "<group>"; };
		F690FF032652289F00CD76B0 /* Assets.xcassets */ = {isa = PBXFileReference; lastKnownFileType = folder.assetcatalog; path = Assets.xcassets; sourceTree = "<group>"; };
		F690FF062652289F00CD76B0 /* Base */ = {isa = PBXFileReference; lastKnownFileType = file.storyboard; name = Base; path = Base.lproj/LaunchScreen.storyboard; sourceTree = "<group>"; };
		F690FF082652289F00CD76B0 /* Info.plist */ = {isa = PBXFileReference; lastKnownFileType = text.plist.xml; path = Info.plist; sourceTree = "<group>"; };
		F690FF26265252B300CD76B0 /* BaseView.swift */ = {isa = PBXFileReference; lastKnownFileType = sourcecode.swift; path = BaseView.swift; sourceTree = "<group>"; };
		F690FF2A2652536900CD76B0 /* BaseTextFieldView.swift */ = {isa = PBXFileReference; lastKnownFileType = sourcecode.swift; path = BaseTextFieldView.swift; sourceTree = "<group>"; };
		F690FF2D2652551B00CD76B0 /* Dimension.swift */ = {isa = PBXFileReference; lastKnownFileType = sourcecode.swift; path = Dimension.swift; sourceTree = "<group>"; };
		F690FF33265259E100CD76B0 /* UIColor+Extension.swift */ = {isa = PBXFileReference; lastKnownFileType = sourcecode.swift; path = "UIColor+Extension.swift"; sourceTree = "<group>"; };
		F690FF3726525C9300CD76B0 /* UIFont+Extension.swift */ = {isa = PBXFileReference; lastKnownFileType = sourcecode.swift; path = "UIFont+Extension.swift"; sourceTree = "<group>"; };
		F690FF3A2652617200CD76B0 /* UIView+Extension.swift */ = {isa = PBXFileReference; lastKnownFileType = sourcecode.swift; path = "UIView+Extension.swift"; sourceTree = "<group>"; };
		F690FF3D265269D100CD76B0 /* TextManager.swift */ = {isa = PBXFileReference; lastKnownFileType = sourcecode.swift; path = TextManager.swift; sourceTree = "<group>"; };
		F690FF4026526A6E00CD76B0 /* BaseViewController.swift */ = {isa = PBXFileReference; lastKnownFileType = sourcecode.swift; path = BaseViewController.swift; sourceTree = "<group>"; };
		F690FF5926526D1300CD76B0 /* SignUpViewController.swift */ = {isa = PBXFileReference; lastKnownFileType = sourcecode.swift; path = SignUpViewController.swift; sourceTree = "<group>"; };
		F6CEBF62265B8AFD00641A3B /* BaseScrollView.swift */ = {isa = PBXFileReference; lastKnownFileType = sourcecode.swift; path = BaseScrollView.swift; sourceTree = "<group>"; };
		F6CEBF67265B936600641A3B /* HomeHeaderView.swift */ = {isa = PBXFileReference; lastKnownFileType = sourcecode.swift; path = HomeHeaderView.swift; sourceTree = "<group>"; };
		F6DEBA5C2666307800B84857 /* ViewController.swift */ = {isa = PBXFileReference; lastKnownFileType = sourcecode.swift; path = ViewController.swift; sourceTree = "<group>"; };
		F6E043DE2683227D00436FE4 /* UITableView+Extension.swift */ = {isa = PBXFileReference; fileEncoding = 4; lastKnownFileType = sourcecode.swift; path = "UITableView+Extension.swift"; sourceTree = "<group>"; };
		F6E043E12683228800436FE4 /* BaseTableViewCell.swift */ = {isa = PBXFileReference; fileEncoding = 4; lastKnownFileType = sourcecode.swift; path = BaseTableViewCell.swift; sourceTree = "<group>"; };
		F6E043E7268322EA00436FE4 /* JSONParsable.swift */ = {isa = PBXFileReference; fileEncoding = 4; lastKnownFileType = sourcecode.swift; path = JSONParsable.swift; sourceTree = "<group>"; };
		F6E05EF1265364E3000DC400 /* BaseCornerRoundButton.swift */ = {isa = PBXFileReference; lastKnownFileType = sourcecode.swift; path = BaseCornerRoundButton.swift; sourceTree = "<group>"; };
		F6E05EF426536BB9000DC400 /* HomeViewController.swift */ = {isa = PBXFileReference; lastKnownFileType = sourcecode.swift; path = HomeViewController.swift; sourceTree = "<group>"; };
/* End PBXFileReference section */

/* Begin PBXFrameworksBuildPhase section */
		F690FEF42652289E00CD76B0 /* Frameworks */ = {
			isa = PBXFrameworksBuildPhase;
			buildActionMask = 2147483647;
			files = (
				333EB265C13B5A9C1844536C /* Pods_RxSwiftExample.framework in Frameworks */,
			);
			runOnlyForDeploymentPostprocessing = 0;
		};
/* End PBXFrameworksBuildPhase section */

/* Begin PBXGroup section */
		1BE9EF26063861D919973309 /* Pods */ = {
			isa = PBXGroup;
			children = (
				46D70066A2BCF37138BE77EB /* Pods-RxSwiftExample.debug.xcconfig */,
				33E551F6479B7363E1F723CC /* Pods-RxSwiftExample.release.xcconfig */,
			);
			path = Pods;
			sourceTree = "<group>";
		};
		50872E520271670FD85E89B8 /* Frameworks */ = {
			isa = PBXGroup;
			children = (
				2AE5A05E5AFD69D191940ED9 /* Pods_RxSwiftExample.framework */,
			);
			name = Frameworks;
			sourceTree = "<group>";
		};
		F668864A265360C100ACBFB5 /* Resource */ = {
			isa = PBXGroup;
			children = (
				F690FEFA2652289E00CD76B0 /* AppDelegate.swift */,
				F690FF032652289F00CD76B0 /* Assets.xcassets */,
				F690FF052652289F00CD76B0 /* LaunchScreen.storyboard */,
			);
			path = Resource;
			sourceTree = "<group>";
		};
		F668864D2653614600ACBFB5 /* Features */ = {
			isa = PBXGroup;
			children = (
				F668864E2653614D00ACBFB5 /* login */,
				F6DEBA5C2666307800B84857 /* ViewController.swift */,
				F676810626783FCD0075D88A /* ExampleViewController.swift */,
				F6257B702685D6F100E27B0D /* PasswordViewController.swift */,
			);
			path = Features;
			sourceTree = "<group>";
		};
		F668864E2653614D00ACBFB5 /* login */ = {
			isa = PBXGroup;
			children = (
				F690FF5926526D1300CD76B0 /* SignUpViewController.swift */,
				F6E05EF426536BB9000DC400 /* HomeViewController.swift */,
			);
			path = login;
			sourceTree = "<group>";
		};
		F690FEEE2652289E00CD76B0 = {
			isa = PBXGroup;
			children = (
				F690FEF92652289E00CD76B0 /* RxSwiftExample */,
				F690FEF82652289E00CD76B0 /* Products */,
				1BE9EF26063861D919973309 /* Pods */,
				50872E520271670FD85E89B8 /* Frameworks */,
			);
			sourceTree = "<group>";
		};
		F690FEF82652289E00CD76B0 /* Products */ = {
			isa = PBXGroup;
			children = (
				F690FEF72652289E00CD76B0 /* RxSwiftExample.app */,
			);
			name = Products;
			sourceTree = "<group>";
		};
		F690FEF92652289E00CD76B0 /* RxSwiftExample */ = {
			isa = PBXGroup;
			children = (
				F690FF192652521B00CD76B0 /* Modules */,
				F668864D2653614600ACBFB5 /* Features */,
				F690FF082652289F00CD76B0 /* Info.plist */,
			);
			path = RxSwiftExample;
			sourceTree = "<group>";
		};
		F690FF192652521B00CD76B0 /* Modules */ = {
			isa = PBXGroup;
			children = (
				F668864A265360C100ACBFB5 /* Resource */,
				F690FF1A2652522700CD76B0 /* Core */,
			);
			path = Modules;
			sourceTree = "<group>";
		};
		F690FF1A2652522700CD76B0 /* Core */ = {
			isa = PBXGroup;
			children = (
				F690FF212652527000CD76B0 /* Extensions */,
				F690FF202652526800CD76B0 /* APIServices */,
				F690FF1F2652526000CD76B0 /* Helper */,
				F690FF1E2652525800CD76B0 /* Constants */,
				F690FF1D2652525000CD76B0 /* Managers */,
				F690FF1C2652524600CD76B0 /* Commons */,
				F690FF1B2652523D00CD76B0 /* Base */,
			);
			path = Core;
			sourceTree = "<group>";
		};
		F690FF1B2652523D00CD76B0 /* Base */ = {
			isa = PBXGroup;
			children = (
				F690FF25265252A200CD76B0 /* BaseViewModels */,
				F690FF242652529900CD76B0 /* CommonViews */,
				F690FF232652529100CD76B0 /* BaseView */,
				F690FF222652528A00CD76B0 /* BaseViewController */,
			);
			path = Base;
			sourceTree = "<group>";
		};
		F690FF1C2652524600CD76B0 /* Commons */ = {
			isa = PBXGroup;
			children = (
				F690FF2D2652551B00CD76B0 /* Dimension.swift */,
			);
			path = Commons;
			sourceTree = "<group>";
		};
		F690FF1D2652525000CD76B0 /* Managers */ = {
			isa = PBXGroup;
			children = (
				F690FF3D265269D100CD76B0 /* TextManager.swift */,
			);
			path = Managers;
			sourceTree = "<group>";
		};
		F690FF1E2652525800CD76B0 /* Constants */ = {
			isa = PBXGroup;
			children = (
			);
			path = Constants;
			sourceTree = "<group>";
		};
		F690FF1F2652526000CD76B0 /* Helper */ = {
			isa = PBXGroup;
			children = (
			);
			path = Helper;
			sourceTree = "<group>";
		};
		F690FF202652526800CD76B0 /* APIServices */ = {
			isa = PBXGroup;
			children = (
			);
			path = APIServices;
			sourceTree = "<group>";
		};
		F690FF212652527000CD76B0 /* Extensions */ = {
			isa = PBXGroup;
			children = (
				F690FF32265259C900CD76B0 /* Foundation */,
				F690FF31265259C400CD76B0 /* UIKit */,
			);
			path = Extensions;
			sourceTree = "<group>";
		};
		F690FF222652528A00CD76B0 /* BaseViewController */ = {
			isa = PBXGroup;
			children = (
			);
			path = BaseViewController;
			sourceTree = "<group>";
		};
		F690FF232652529100CD76B0 /* BaseView */ = {
			isa = PBXGroup;
			children = (
				F690FF26265252B300CD76B0 /* BaseView.swift */,
				F690FF2A2652536900CD76B0 /* BaseTextFieldView.swift */,
				F690FF4026526A6E00CD76B0 /* BaseViewController.swift */,
				F6E05EF1265364E3000DC400 /* BaseCornerRoundButton.swift */,
				F6CEBF62265B8AFD00641A3B /* BaseScrollView.swift */,
				F6CEBF67265B936600641A3B /* HomeHeaderView.swift */,
			);
			path = BaseView;
			sourceTree = "<group>";
		};
		F690FF242652529900CD76B0 /* CommonViews */ = {
			isa = PBXGroup;
			children = (
			);
			path = CommonViews;
			sourceTree = "<group>";
		};
		F690FF25265252A200CD76B0 /* BaseViewModels */ = {
			isa = PBXGroup;
			children = (
			);
			path = BaseViewModels;
			sourceTree = "<group>";
		};
		F690FF31265259C400CD76B0 /* UIKit */ = {
			isa = PBXGroup;
			children = (
				F6E043E7268322EA00436FE4 /* JSONParsable.swift */,
				F6E043E12683228800436FE4 /* BaseTableViewCell.swift */,
				F6E043DE2683227D00436FE4 /* UITableView+Extension.swift */,
				F690FF33265259E100CD76B0 /* UIColor+Extension.swift */,
				F690FF3726525C9300CD76B0 /* UIFont+Extension.swift */,
				F690FF3A2652617200CD76B0 /* UIView+Extension.swift */,
			);
			path = UIKit;
			sourceTree = "<group>";
		};
		F690FF32265259C900CD76B0 /* Foundation */ = {
			isa = PBXGroup;
			children = (
			);
			path = Foundation;
			sourceTree = "<group>";
		};
/* End PBXGroup section */

/* Begin PBXNativeTarget section */
		F690FEF62652289E00CD76B0 /* RxSwiftExample */ = {
			isa = PBXNativeTarget;
			buildConfigurationList = F690FF0B2652289F00CD76B0 /* Build configuration list for PBXNativeTarget "RxSwiftExample" */;
			buildPhases = (
				D39749A2CD9243FB14DCD122 /* [CP] Check Pods Manifest.lock */,
				F690FEF32652289E00CD76B0 /* Sources */,
				F690FEF42652289E00CD76B0 /* Frameworks */,
				F690FEF52652289E00CD76B0 /* Resources */,
				226EFADE8CB5463ED2C7E3C5 /* [CP] Embed Pods Frameworks */,
				0B2B59E432BFB7F38104D131 /* [CP] Copy Pods Resources */,
			);
			buildRules = (
			);
			dependencies = (
			);
			name = RxSwiftExample;
			productName = RxSwiftExample;
			productReference = F690FEF72652289E00CD76B0 /* RxSwiftExample.app */;
			productType = "com.apple.product-type.application";
		};
/* End PBXNativeTarget section */

/* Begin PBXProject section */
		F690FEEF2652289E00CD76B0 /* Project object */ = {
			isa = PBXProject;
			attributes = {
				LastSwiftUpdateCheck = 1230;
				LastUpgradeCheck = 1230;
				TargetAttributes = {
					F690FEF62652289E00CD76B0 = {
						CreatedOnToolsVersion = 12.3;
					};
				};
			};
			buildConfigurationList = F690FEF22652289E00CD76B0 /* Build configuration list for PBXProject "RxSwiftExample" */;
			compatibilityVersion = "Xcode 9.3";
			developmentRegion = en;
			hasScannedForEncodings = 0;
			knownRegions = (
				en,
				Base,
			);
			mainGroup = F690FEEE2652289E00CD76B0;
			productRefGroup = F690FEF82652289E00CD76B0 /* Products */;
			projectDirPath = "";
			projectRoot = "";
			targets = (
				F690FEF62652289E00CD76B0 /* RxSwiftExample */,
			);
		};
/* End PBXProject section */

/* Begin PBXResourcesBuildPhase section */
		F690FEF52652289E00CD76B0 /* Resources */ = {
			isa = PBXResourcesBuildPhase;
			buildActionMask = 2147483647;
			files = (
				F690FF072652289F00CD76B0 /* LaunchScreen.storyboard in Resources */,
				F690FF042652289F00CD76B0 /* Assets.xcassets in Resources */,
			);
			runOnlyForDeploymentPostprocessing = 0;
		};
/* End PBXResourcesBuildPhase section */

/* Begin PBXShellScriptBuildPhase section */
		0B2B59E432BFB7F38104D131 /* [CP] Copy Pods Resources */ = {
			isa = PBXShellScriptBuildPhase;
			buildActionMask = 2147483647;
			files = (
			);
			inputFileListPaths = (
				"${PODS_ROOT}/Target Support Files/Pods-RxSwiftExample/Pods-RxSwiftExample-resources-${CONFIGURATION}-input-files.xcfilelist",
			);
			name = "[CP] Copy Pods Resources";
			outputFileListPaths = (
				"${PODS_ROOT}/Target Support Files/Pods-RxSwiftExample/Pods-RxSwiftExample-resources-${CONFIGURATION}-output-files.xcfilelist",
			);
			runOnlyForDeploymentPostprocessing = 0;
			shellPath = /bin/sh;
			shellScript = "\"${PODS_ROOT}/Target Support Files/Pods-RxSwiftExample/Pods-RxSwiftExample-resources.sh\"\n";
			showEnvVarsInLog = 0;
		};
		226EFADE8CB5463ED2C7E3C5 /* [CP] Embed Pods Frameworks */ = {
			isa = PBXShellScriptBuildPhase;
			buildActionMask = 2147483647;
			files = (
			);
			inputFileListPaths = (
				"${PODS_ROOT}/Target Support Files/Pods-RxSwiftExample/Pods-RxSwiftExample-frameworks-${CONFIGURATION}-input-files.xcfilelist",
			);
			name = "[CP] Embed Pods Frameworks";
			outputFileListPaths = (
				"${PODS_ROOT}/Target Support Files/Pods-RxSwiftExample/Pods-RxSwiftExample-frameworks-${CONFIGURATION}-output-files.xcfilelist",
			);
			runOnlyForDeploymentPostprocessing = 0;
			shellPath = /bin/sh;
			shellScript = "\"${PODS_ROOT}/Target Support Files/Pods-RxSwiftExample/Pods-RxSwiftExample-frameworks.sh\"\n";
			showEnvVarsInLog = 0;
		};
		D39749A2CD9243FB14DCD122 /* [CP] Check Pods Manifest.lock */ = {
			isa = PBXShellScriptBuildPhase;
			buildActionMask = 2147483647;
			files = (
			);
			inputFileListPaths = (
			);
			inputPaths = (
				"${PODS_PODFILE_DIR_PATH}/Podfile.lock",
				"${PODS_ROOT}/Manifest.lock",
			);
			name = "[CP] Check Pods Manifest.lock";
			outputFileListPaths = (
			);
			outputPaths = (
				"$(DERIVED_FILE_DIR)/Pods-RxSwiftExample-checkManifestLockResult.txt",
			);
			runOnlyForDeploymentPostprocessing = 0;
			shellPath = /bin/sh;
			shellScript = "diff \"${PODS_PODFILE_DIR_PATH}/Podfile.lock\" \"${PODS_ROOT}/Manifest.lock\" > /dev/null\nif [ $? != 0 ] ; then\n    # print error to STDERR\n    echo \"error: The sandbox is not in sync with the Podfile.lock. Run 'pod install' or update your CocoaPods installation.\" >&2\n    exit 1\nfi\n# This output is used by Xcode 'outputs' to avoid re-running this script phase.\necho \"SUCCESS\" > \"${SCRIPT_OUTPUT_FILE_0}\"\n";
			showEnvVarsInLog = 0;
		};
/* End PBXShellScriptBuildPhase section */

/* Begin PBXSourcesBuildPhase section */
		F690FEF32652289E00CD76B0 /* Sources */ = {
			isa = PBXSourcesBuildPhase;
			buildActionMask = 2147483647;
			files = (
				F6DEBA5D2666307800B84857 /* ViewController.swift in Sources */,
				F6257B712685D6F100E27B0D /* PasswordViewController.swift in Sources */,
				F676810726783FCD0075D88A /* ExampleViewController.swift in Sources */,
				F690FF5A26526D1300CD76B0 /* SignUpViewController.swift in Sources */,
				F6E05EF2265364E3000DC400 /* BaseCornerRoundButton.swift in Sources */,
				F6E043E22683228800436FE4 /* BaseTableViewCell.swift in Sources */,
				F690FF3826525C9300CD76B0 /* UIFont+Extension.swift in Sources */,
				F690FF27265252B300CD76B0 /* BaseView.swift in Sources */,
				F6E043DF2683227D00436FE4 /* UITableView+Extension.swift in Sources */,
				F690FF3B2652617200CD76B0 /* UIView+Extension.swift in Sources */,
				F6E043E8268322EA00436FE4 /* JSONParsable.swift in Sources */,
				F690FF2B2652536900CD76B0 /* BaseTextFieldView.swift in Sources */,
				F690FF4126526A6E00CD76B0 /* BaseViewController.swift in Sources */,
				F690FF34265259E100CD76B0 /* UIColor+Extension.swift in Sources */,
				F690FF2E2652551B00CD76B0 /* Dimension.swift in Sources */,
				F690FEFB2652289E00CD76B0 /* AppDelegate.swift in Sources */,
				F690FF3E265269D100CD76B0 /* TextManager.swift in Sources */,
				F6CEBF63265B8AFD00641A3B /* BaseScrollView.swift in Sources */,
				F6CEBF68265B936600641A3B /* HomeHeaderView.swift in Sources */,
				F6E05EF526536BB9000DC400 /* HomeViewController.swift in Sources */,
			);
			runOnlyForDeploymentPostprocessing = 0;
		};
/* End PBXSourcesBuildPhase section */

/* Begin PBXVariantGroup section */
		F690FF052652289F00CD76B0 /* LaunchScreen.storyboard */ = {
			isa = PBXVariantGroup;
			children = (
				F690FF062652289F00CD76B0 /* Base */,
			);
			name = LaunchScreen.storyboard;
			sourceTree = "<group>";
		};
/* End PBXVariantGroup section */

/* Begin XCBuildConfiguration section */
		F690FF092652289F00CD76B0 /* Debug */ = {
			isa = XCBuildConfiguration;
			buildSettings = {
				ALWAYS_SEARCH_USER_PATHS = NO;
				CLANG_ANALYZER_NONNULL = YES;
				CLANG_ANALYZER_NUMBER_OBJECT_CONVERSION = YES_AGGRESSIVE;
				CLANG_CXX_LANGUAGE_STANDARD = "gnu++14";
				CLANG_CXX_LIBRARY = "libc++";
				CLANG_ENABLE_MODULES = YES;
				CLANG_ENABLE_OBJC_ARC = YES;
				CLANG_ENABLE_OBJC_WEAK = YES;
				CLANG_WARN_BLOCK_CAPTURE_AUTORELEASING = YES;
				CLANG_WARN_BOOL_CONVERSION = YES;
				CLANG_WARN_COMMA = YES;
				CLANG_WARN_CONSTANT_CONVERSION = YES;
				CLANG_WARN_DEPRECATED_OBJC_IMPLEMENTATIONS = YES;
				CLANG_WARN_DIRECT_OBJC_ISA_USAGE = YES_ERROR;
				CLANG_WARN_DOCUMENTATION_COMMENTS = YES;
				CLANG_WARN_EMPTY_BODY = YES;
				CLANG_WARN_ENUM_CONVERSION = YES;
				CLANG_WARN_INFINITE_RECURSION = YES;
				CLANG_WARN_INT_CONVERSION = YES;
				CLANG_WARN_NON_LITERAL_NULL_CONVERSION = YES;
				CLANG_WARN_OBJC_IMPLICIT_RETAIN_SELF = YES;
				CLANG_WARN_OBJC_LITERAL_CONVERSION = YES;
				CLANG_WARN_OBJC_ROOT_CLASS = YES_ERROR;
				CLANG_WARN_QUOTED_INCLUDE_IN_FRAMEWORK_HEADER = YES;
				CLANG_WARN_RANGE_LOOP_ANALYSIS = YES;
				CLANG_WARN_STRICT_PROTOTYPES = YES;
				CLANG_WARN_SUSPICIOUS_MOVE = YES;
				CLANG_WARN_UNGUARDED_AVAILABILITY = YES_AGGRESSIVE;
				CLANG_WARN_UNREACHABLE_CODE = YES;
				CLANG_WARN__DUPLICATE_METHOD_MATCH = YES;
				COPY_PHASE_STRIP = NO;
				DEBUG_INFORMATION_FORMAT = dwarf;
				ENABLE_STRICT_OBJC_MSGSEND = YES;
				ENABLE_TESTABILITY = YES;
				GCC_C_LANGUAGE_STANDARD = gnu11;
				GCC_DYNAMIC_NO_PIC = NO;
				GCC_NO_COMMON_BLOCKS = YES;
				GCC_OPTIMIZATION_LEVEL = 0;
				GCC_PREPROCESSOR_DEFINITIONS = (
					"DEBUG=1",
					"$(inherited)",
				);
				GCC_WARN_64_TO_32_BIT_CONVERSION = YES;
				GCC_WARN_ABOUT_RETURN_TYPE = YES_ERROR;
				GCC_WARN_UNDECLARED_SELECTOR = YES;
				GCC_WARN_UNINITIALIZED_AUTOS = YES_AGGRESSIVE;
				GCC_WARN_UNUSED_FUNCTION = YES;
				GCC_WARN_UNUSED_VARIABLE = YES;
				IPHONEOS_DEPLOYMENT_TARGET = 14.3;
				MTL_ENABLE_DEBUG_INFO = INCLUDE_SOURCE;
				MTL_FAST_MATH = YES;
				ONLY_ACTIVE_ARCH = YES;
				SDKROOT = iphoneos;
				SWIFT_ACTIVE_COMPILATION_CONDITIONS = DEBUG;
				SWIFT_OPTIMIZATION_LEVEL = "-Onone";
			};
			name = Debug;
		};
		F690FF0A2652289F00CD76B0 /* Release */ = {
			isa = XCBuildConfiguration;
			buildSettings = {
				ALWAYS_SEARCH_USER_PATHS = NO;
				CLANG_ANALYZER_NONNULL = YES;
				CLANG_ANALYZER_NUMBER_OBJECT_CONVERSION = YES_AGGRESSIVE;
				CLANG_CXX_LANGUAGE_STANDARD = "gnu++14";
				CLANG_CXX_LIBRARY = "libc++";
				CLANG_ENABLE_MODULES = YES;
				CLANG_ENABLE_OBJC_ARC = YES;
				CLANG_ENABLE_OBJC_WEAK = YES;
				CLANG_WARN_BLOCK_CAPTURE_AUTORELEASING = YES;
				CLANG_WARN_BOOL_CONVERSION = YES;
				CLANG_WARN_COMMA = YES;
				CLANG_WARN_CONSTANT_CONVERSION = YES;
				CLANG_WARN_DEPRECATED_OBJC_IMPLEMENTATIONS = YES;
				CLANG_WARN_DIRECT_OBJC_ISA_USAGE = YES_ERROR;
				CLANG_WARN_DOCUMENTATION_COMMENTS = YES;
				CLANG_WARN_EMPTY_BODY = YES;
				CLANG_WARN_ENUM_CONVERSION = YES;
				CLANG_WARN_INFINITE_RECURSION = YES;
				CLANG_WARN_INT_CONVERSION = YES;
				CLANG_WARN_NON_LITERAL_NULL_CONVERSION = YES;
				CLANG_WARN_OBJC_IMPLICIT_RETAIN_SELF = YES;
				CLANG_WARN_OBJC_LITERAL_CONVERSION = YES;
				CLANG_WARN_OBJC_ROOT_CLASS = YES_ERROR;
				CLANG_WARN_QUOTED_INCLUDE_IN_FRAMEWORK_HEADER = YES;
				CLANG_WARN_RANGE_LOOP_ANALYSIS = YES;
				CLANG_WARN_STRICT_PROTOTYPES = YES;
				CLANG_WARN_SUSPICIOUS_MOVE = YES;
				CLANG_WARN_UNGUARDED_AVAILABILITY = YES_AGGRESSIVE;
				CLANG_WARN_UNREACHABLE_CODE = YES;
				CLANG_WARN__DUPLICATE_METHOD_MATCH = YES;
				COPY_PHASE_STRIP = NO;
				DEBUG_INFORMATION_FORMAT = "dwarf-with-dsym";
				ENABLE_NS_ASSERTIONS = NO;
				ENABLE_STRICT_OBJC_MSGSEND = YES;
				GCC_C_LANGUAGE_STANDARD = gnu11;
				GCC_NO_COMMON_BLOCKS = YES;
				GCC_WARN_64_TO_32_BIT_CONVERSION = YES;
				GCC_WARN_ABOUT_RETURN_TYPE = YES_ERROR;
				GCC_WARN_UNDECLARED_SELECTOR = YES;
				GCC_WARN_UNINITIALIZED_AUTOS = YES_AGGRESSIVE;
				GCC_WARN_UNUSED_FUNCTION = YES;
				GCC_WARN_UNUSED_VARIABLE = YES;
				IPHONEOS_DEPLOYMENT_TARGET = 14.3;
				MTL_ENABLE_DEBUG_INFO = NO;
				MTL_FAST_MATH = YES;
				SDKROOT = iphoneos;
				SWIFT_COMPILATION_MODE = wholemodule;
				SWIFT_OPTIMIZATION_LEVEL = "-O";
				VALIDATE_PRODUCT = YES;
			};
			name = Release;
		};
		F690FF0C2652289F00CD76B0 /* Debug */ = {
			isa = XCBuildConfiguration;
			baseConfigurationReference = 46D70066A2BCF37138BE77EB /* Pods-RxSwiftExample.debug.xcconfig */;
			buildSettings = {
				ASSETCATALOG_COMPILER_APPICON_NAME = AppIcon;
				ASSETCATALOG_COMPILER_GLOBAL_ACCENT_COLOR_NAME = AccentColor;
				CODE_SIGN_STYLE = Automatic;
				DEVELOPMENT_TEAM = 6QX795PG25;
				INFOPLIST_FILE = RxSwiftExample/Info.plist;
				IPHONEOS_DEPLOYMENT_TARGET = 9.0;
				LD_RUNPATH_SEARCH_PATHS = (
					"$(inherited)",
					"@executable_path/Frameworks",
				);
				PRODUCT_BUNDLE_IDENTIFIER = com.trunghieudang.RxSwiftExample;
				PRODUCT_NAME = "$(TARGET_NAME)";
				SWIFT_VERSION = 5.0;
				TARGETED_DEVICE_FAMILY = "1,2";
			};
			name = Debug;
		};
		F690FF0D2652289F00CD76B0 /* Release */ = {
			isa = XCBuildConfiguration;
			baseConfigurationReference = 33E551F6479B7363E1F723CC /* Pods-RxSwiftExample.release.xcconfig */;
			buildSettings = {
				ASSETCATALOG_COMPILER_APPICON_NAME = AppIcon;
				ASSETCATALOG_COMPILER_GLOBAL_ACCENT_COLOR_NAME = AccentColor;
				CODE_SIGN_STYLE = Automatic;
				DEVELOPMENT_TEAM = 6QX795PG25;
				INFOPLIST_FILE = RxSwiftExample/Info.plist;
				IPHONEOS_DEPLOYMENT_TARGET = 9.0;
				LD_RUNPATH_SEARCH_PATHS = (
					"$(inherited)",
					"@executable_path/Frameworks",
				);
				PRODUCT_BUNDLE_IDENTIFIER = com.trunghieudang.RxSwiftExample;
				PRODUCT_NAME = "$(TARGET_NAME)";
				SWIFT_VERSION = 5.0;
				TARGETED_DEVICE_FAMILY = "1,2";
			};
			name = Release;
		};
/* End XCBuildConfiguration section */

/* Begin XCConfigurationList section */
		F690FEF22652289E00CD76B0 /* Build configuration list for PBXProject "RxSwiftExample" */ = {
			isa = XCConfigurationList;
			buildConfigurations = (
				F690FF092652289F00CD76B0 /* Debug */,
				F690FF0A2652289F00CD76B0 /* Release */,
			);
			defaultConfigurationIsVisible = 0;
			defaultConfigurationName = Release;
		};
		F690FF0B2652289F00CD76B0 /* Build configuration list for PBXNativeTarget "RxSwiftExample" */ = {
			isa = XCConfigurationList;
			buildConfigurations = (
				F690FF0C2652289F00CD76B0 /* Debug */,
				F690FF0D2652289F00CD76B0 /* Release */,
			);
			defaultConfigurationIsVisible = 0;
			defaultConfigurationName = Release;
		};
/* End XCConfigurationList section */
	};
	rootObject = F690FEEF2652289E00CD76B0 /* Project object */;
}
